
Microsoft Visual Studio Solution File, Format Version 12.00
# Visual Studio Version 16
VisualStudioVersion = 16.0.31702.278
MinimumVisualStudioVersion = 10.0.40219.1
Project("{FAE04EC0-301F-11D3-BF4B-00C04F79EFBC}") = "hola-mundo", "hola-mundo\hola-mundo.csproj", "{3868A7F9-79E3-475F-987D-C0AE553C12CA}"
EndProject
Global
	GlobalSection(SolutionConfigurationPlatforms) = preSolution
		Debug|Any CPU = Debug|Any CPU
		Release|Any CPU = Release|Any CPU
	EndGlobalSection
	GlobalSection(ProjectConfigurationPlatforms) = postSolution
		{3868A7F9-79E3-475F-987D-C0AE553C12CA}.Debug|Any CPU.ActiveCfg = Debug|Any CPU
		{3868A7F9-79E3-475F-987D-C0AE553C12CA}.Debug|Any CPU.Build.0 = Debug|Any CPU
		{3868A7F9-79E3-475F-987D-C0AE553C12CA}.Release|Any CPU.ActiveCfg = Release|Any CPU
		{3868A7F9-79E3-475F-987D-C0AE553C12CA}.Release|Any CPU.Build.0 = Release|Any CPU
	EndGlobalSection
	GlobalSection(SolutionProperties) = preSolution
		HideSolutionNode = FALSE
	EndGlobalSection
	GlobalSection(ExtensibilityGlobals) = postSolution
		SolutionGuid = {AFC335D4-C625-475E-8119-7EE8506EF1B4}
	EndGlobalSection
EndGlobal
